
Microsoft Visual Studio Solution File, Format Version 12.00
# Visual Studio Version 17
VisualStudioVersion = 17.3.32825.248
MinimumVisualStudioVersion = 10.0.40219.1
Project("{FAE04EC0-301F-11D3-BF4B-00C04F79EFBC}") = "ClassLibrary1", "ClassLibrary1\ClassLibrary1.csproj", "{97624879-1D5F-4A1C-BFBA-46B530AC2C67}"
EndProject
Project("{FAE04EC0-301F-11D3-BF4B-00C04F79EFBC}") = "TestProject1", "TestProject1\TestProject1.csproj", "{D3A33201-9837-4141-BC58-E35B1DBD8368}"
EndProject
Global
	GlobalSection(SolutionConfigurationPlatforms) = preSolution
		Debug|Any CPU = Debug|Any CPU
		Release|Any CPU = Release|Any CPU
	EndGlobalSection
	GlobalSection(ProjectConfigurationPlatforms) = postSolution
		{97624879-1D5F-4A1C-BFBA-46B530AC2C67}.Debug|Any CPU.ActiveCfg = Debug|Any CPU
		{97624879-1D5F-4A1C-BFBA-46B530AC2C67}.Debug|Any CPU.Build.0 = Debug|Any CPU
		{97624879-1D5F-4A1C-BFBA-46B530AC2C67}.Release|Any CPU.ActiveCfg = Release|Any CPU
		{97624879-1D5F-4A1C-BFBA-46B530AC2C67}.Release|Any CPU.Build.0 = Release|Any CPU
		{D3A33201-9837-4141-BC58-E35B1DBD8368}.Debug|Any CPU.ActiveCfg = Debug|Any CPU
		{D3A33201-9837-4141-BC58-E35B1DBD8368}.Debug|Any CPU.Build.0 = Debug|Any CPU
		{D3A33201-9837-4141-BC58-E35B1DBD8368}.Release|Any CPU.ActiveCfg = Release|Any CPU
		{D3A33201-9837-4141-BC58-E35B1DBD8368}.Release|Any CPU.Build.0 = Release|Any CPU
	EndGlobalSection
	GlobalSection(SolutionProperties) = preSolution
		HideSolutionNode = FALSE
	EndGlobalSection
	GlobalSection(ExtensibilityGlobals) = postSolution
		SolutionGuid = {8EBB999A-0F86-4B74-A371-2CCD3E4B699D}
	EndGlobalSection
EndGlobal
